
Microsoft Visual Studio Solution File, Format Version 12.00
# Visual Studio Version 16
VisualStudioVersion = 16.0.31702.278
MinimumVisualStudioVersion = 10.0.40219.1
Project("{FAE04EC0-301F-11D3-BF4B-00C04F79EFBC}") = "ClientReservasi-20190140006", "ClientReservasi-20190140006\ClientReservasi-20190140006.csproj", "{F29D4219-9593-4716-8DD8-09B70197E30E}"
EndProject
Global
	GlobalSection(SolutionConfigurationPlatforms) = preSolution
		Debug|Any CPU = Debug|Any CPU
		Release|Any CPU = Release|Any CPU
	EndGlobalSection
	GlobalSection(ProjectConfigurationPlatforms) = postSolution
		{F29D4219-9593-4716-8DD8-09B70197E30E}.Debug|Any CPU.ActiveCfg = Debug|Any CPU
		{F29D4219-9593-4716-8DD8-09B70197E30E}.Debug|Any CPU.Build.0 = Debug|Any CPU
		{F29D4219-9593-4716-8DD8-09B70197E30E}.Release|Any CPU.ActiveCfg = Release|Any CPU
		{F29D4219-9593-4716-8DD8-09B70197E30E}.Release|Any CPU.Build.0 = Release|Any CPU
	EndGlobalSection
	GlobalSection(SolutionProperties) = preSolution
		HideSolutionNode = FALSE
	EndGlobalSection
	GlobalSection(ExtensibilityGlobals) = postSolution
		SolutionGuid = {B059BA59-0AEB-4FBF-A9A8-8FBDE7D19417}
	EndGlobalSection
EndGlobal
